// !$*UTF8*$!
{
	archiveVersion = 1;
	classes = {
	};
	objectVersion = 56;
	objects = {

/* Begin PBXBuildFile section */
		EC62C88D2BF34763008A99F5 /* IconButtonView.swift in Sources */ = {isa = PBXBuildFile; fileRef = EC62C88C2BF34763008A99F5 /* IconButtonView.swift */; };
		EC62C88F2BF34B55008A99F5 /* ButtonStyles.swift in Sources */ = {isa = PBXBuildFile; fileRef = EC62C88E2BF34B55008A99F5 /* ButtonStyles.swift */; };
		EC62C8912BF351C2008A99F5 /* ButtonSize.swift in Sources */ = {isa = PBXBuildFile; fileRef = EC62C8902BF351C2008A99F5 /* ButtonSize.swift */; };
		EC62C8932BF3549F008A99F5 /* MainButtonView.swift in Sources */ = {isa = PBXBuildFile; fileRef = EC62C8922BF3549F008A99F5 /* MainButtonView.swift */; };
		ECA1ED962BF29FDF001F546D /* TopBarTitleBackArrowView.swift in Sources */ = {isa = PBXBuildFile; fileRef = ECA1ED952BF29FDF001F546D /* TopBarTitleBackArrowView.swift */; };
		ECA1ED982BF2A4FD001F546D /* TextStyles.swift in Sources */ = {isa = PBXBuildFile; fileRef = ECA1ED972BF2A4FD001F546D /* TextStyles.swift */; };
		ECA1ED9A2BF2A776001F546D /* Colors.swift in Sources */ = {isa = PBXBuildFile; fileRef = ECA1ED992BF2A776001F546D /* Colors.swift */; };
		ECAA4C5E2BF330A5008172E0 /* ScoreboardView.swift in Sources */ = {isa = PBXBuildFile; fileRef = ECAA4C5D2BF330A5008172E0 /* ScoreboardView.swift */; };
		ECAA4C602BF33102008172E0 /* ListItemScoreboardView.swift in Sources */ = {isa = PBXBuildFile; fileRef = ECAA4C5F2BF33102008172E0 /* ListItemScoreboardView.swift */; };
		ECAA4C632BF332D5008172E0 /* PlayerFaceView.swift in Sources */ = {isa = PBXBuildFile; fileRef = ECAA4C622BF332D5008172E0 /* PlayerFaceView.swift */; };
		ECAA4C662BF33894008172E0 /* GamesView.swift in Sources */ = {isa = PBXBuildFile; fileRef = ECAA4C652BF33894008172E0 /* GamesView.swift */; };
		ECAA4C6B2BF338C8008172E0 /* ListItemGamesView.swift in Sources */ = {isa = PBXBuildFile; fileRef = ECAA4C6A2BF338C8008172E0 /* ListItemGamesView.swift */; };
		ECAA4C6E2BF33C91008172E0 /* RegisteredGamesView.swift in Sources */ = {isa = PBXBuildFile; fileRef = ECAA4C6D2BF33C91008172E0 /* RegisteredGamesView.swift */; };
		ECAA4C702BF33CC6008172E0 /* ListItemRegisteredGamesView.swift in Sources */ = {isa = PBXBuildFile; fileRef = ECAA4C6F2BF33CC6008172E0 /* ListItemRegisteredGamesView.swift */; };
		ECD2FF5F2BF212EE007836C4 /* FoodChainChessApp.swift in Sources */ = {isa = PBXBuildFile; fileRef = ECD2FF5E2BF212EE007836C4 /* FoodChainChessApp.swift */; };
		ECD2FF612BF212EE007836C4 /* ContentView.swift in Sources */ = {isa = PBXBuildFile; fileRef = ECD2FF602BF212EE007836C4 /* ContentView.swift */; };
		ECD2FF632BF212EE007836C4 /* Assets.xcassets in Resources */ = {isa = PBXBuildFile; fileRef = ECD2FF622BF212EE007836C4 /* Assets.xcassets */; };
		ECD2FF662BF212EE007836C4 /* Preview Assets.xcassets in Resources */ = {isa = PBXBuildFile; fileRef = ECD2FF652BF212EE007836C4 /* Preview Assets.xcassets */; };
		ECD2FF702BF213F8007836C4 /* Colors.xcassets in Resources */ = {isa = PBXBuildFile; fileRef = ECD2FF6F2BF213F8007836C4 /* Colors.xcassets */; };
		ECFE19AB2BF343F500A1D841 /* HomeView.swift in Sources */ = {isa = PBXBuildFile; fileRef = ECFE19AA2BF343F500A1D841 /* HomeView.swift */; };
/* End PBXBuildFile section */

/* Begin PBXFileReference section */
		EC62C88C2BF34763008A99F5 /* IconButtonView.swift */ = {isa = PBXFileReference; lastKnownFileType = sourcecode.swift; path = IconButtonView.swift; sourceTree = "<group>"; };
		EC62C88E2BF34B55008A99F5 /* ButtonStyles.swift */ = {isa = PBXFileReference; lastKnownFileType = sourcecode.swift; path = ButtonStyles.swift; sourceTree = "<group>"; };
		EC62C8902BF351C2008A99F5 /* ButtonSize.swift */ = {isa = PBXFileReference; lastKnownFileType = sourcecode.swift; path = ButtonSize.swift; sourceTree = "<group>"; };
		EC62C8922BF3549F008A99F5 /* MainButtonView.swift */ = {isa = PBXFileReference; lastKnownFileType = sourcecode.swift; path = MainButtonView.swift; sourceTree = "<group>"; };
		ECA1ED952BF29FDF001F546D /* TopBarTitleBackArrowView.swift */ = {isa = PBXFileReference; lastKnownFileType = sourcecode.swift; path = TopBarTitleBackArrowView.swift; sourceTree = "<group>"; };
		ECA1ED972BF2A4FD001F546D /* TextStyles.swift */ = {isa = PBXFileReference; lastKnownFileType = sourcecode.swift; name = TextStyles.swift; path = FoodChainChess/Views/TextStyles.swift; sourceTree = SOURCE_ROOT; };
		ECA1ED992BF2A776001F546D /* Colors.swift */ = {isa = PBXFileReference; lastKnownFileType = sourcecode.swift; name = Colors.swift; path = FoodChainChess/Views/Colors.swift; sourceTree = SOURCE_ROOT; };
		ECAA4C5D2BF330A5008172E0 /* ScoreboardView.swift */ = {isa = PBXFileReference; lastKnownFileType = sourcecode.swift; path = ScoreboardView.swift; sourceTree = "<group>"; };
		ECAA4C5F2BF33102008172E0 /* ListItemScoreboardView.swift */ = {isa = PBXFileReference; lastKnownFileType = sourcecode.swift; path = ListItemScoreboardView.swift; sourceTree = "<group>"; };
		ECAA4C622BF332D5008172E0 /* PlayerFaceView.swift */ = {isa = PBXFileReference; lastKnownFileType = sourcecode.swift; path = PlayerFaceView.swift; sourceTree = "<group>"; };
		ECAA4C652BF33894008172E0 /* GamesView.swift */ = {isa = PBXFileReference; lastKnownFileType = sourcecode.swift; path = GamesView.swift; sourceTree = "<group>"; };
		ECAA4C6A2BF338C8008172E0 /* ListItemGamesView.swift */ = {isa = PBXFileReference; lastKnownFileType = sourcecode.swift; path = ListItemGamesView.swift; sourceTree = "<group>"; };
		ECAA4C6D2BF33C91008172E0 /* RegisteredGamesView.swift */ = {isa = PBXFileReference; lastKnownFileType = sourcecode.swift; path = RegisteredGamesView.swift; sourceTree = "<group>"; };
		ECAA4C6F2BF33CC6008172E0 /* ListItemRegisteredGamesView.swift */ = {isa = PBXFileReference; lastKnownFileType = sourcecode.swift; path = ListItemRegisteredGamesView.swift; sourceTree = "<group>"; };
		ECD2FF5B2BF212EE007836C4 /* FoodChainChess.app */ = {isa = PBXFileReference; explicitFileType = wrapper.application; includeInIndex = 0; path = FoodChainChess.app; sourceTree = BUILT_PRODUCTS_DIR; };
		ECD2FF5E2BF212EE007836C4 /* FoodChainChessApp.swift */ = {isa = PBXFileReference; lastKnownFileType = sourcecode.swift; path = FoodChainChessApp.swift; sourceTree = "<group>"; };
		ECD2FF602BF212EE007836C4 /* ContentView.swift */ = {isa = PBXFileReference; lastKnownFileType = sourcecode.swift; path = ContentView.swift; sourceTree = "<group>"; };
		ECD2FF622BF212EE007836C4 /* Assets.xcassets */ = {isa = PBXFileReference; lastKnownFileType = folder.assetcatalog; path = Assets.xcassets; sourceTree = "<group>"; };
		ECD2FF652BF212EE007836C4 /* Preview Assets.xcassets */ = {isa = PBXFileReference; lastKnownFileType = folder.assetcatalog; path = "Preview Assets.xcassets"; sourceTree = "<group>"; };
		ECD2FF6F2BF213F8007836C4 /* Colors.xcassets */ = {isa = PBXFileReference; lastKnownFileType = folder.assetcatalog; path = Colors.xcassets; sourceTree = "<group>"; };
		ECFE19AA2BF343F500A1D841 /* HomeView.swift */ = {isa = PBXFileReference; lastKnownFileType = sourcecode.swift; path = HomeView.swift; sourceTree = "<group>"; };
/* End PBXFileReference section */

/* Begin PBXFrameworksBuildPhase section */
		ECD2FF582BF212EE007836C4 /* Frameworks */ = {
			isa = PBXFrameworksBuildPhase;
			buildActionMask = 2147483647;
			files = (
			);
			runOnlyForDeploymentPostprocessing = 0;
		};
/* End PBXFrameworksBuildPhase section */

/* Begin PBXGroup section */
		EC62C88B2BF34723008A99F5 /* Buttons */ = {
			isa = PBXGroup;
			children = (
				EC62C88C2BF34763008A99F5 /* IconButtonView.swift */,
				EC62C8922BF3549F008A99F5 /* MainButtonView.swift */,
			);
			path = Buttons;
			sourceTree = "<group>";
		};
		ECA1ED942BF29FBC001F546D /* TopBar */ = {
			isa = PBXGroup;
			children = (
				ECA1ED952BF29FDF001F546D /* TopBarTitleBackArrowView.swift */,
			);
			path = TopBar;
			sourceTree = "<group>";
		};
		ECAA4C5A2BF33042008172E0 /* Scoreboard */ = {
			isa = PBXGroup;
			children = (
				ECAA4C5D2BF330A5008172E0 /* ScoreboardView.swift */,
				ECAA4C5F2BF33102008172E0 /* ListItemScoreboardView.swift */,
			);
			path = Scoreboard;
			sourceTree = "<group>";
		};
		ECAA4C612BF332B8008172E0 /* PlayerFace */ = {
			isa = PBXGroup;
			children = (
				ECAA4C622BF332D5008172E0 /* PlayerFaceView.swift */,
			);
			path = PlayerFace;
			sourceTree = "<group>";
		};
		ECAA4C642BF33878008172E0 /* Games */ = {
			isa = PBXGroup;
			children = (
				ECAA4C652BF33894008172E0 /* GamesView.swift */,
				ECAA4C6A2BF338C8008172E0 /* ListItemGamesView.swift */,
			);
			path = Games;
			sourceTree = "<group>";
		};
		ECAA4C6C2BF33C6E008172E0 /* RegisteredGames */ = {
			isa = PBXGroup;
			children = (
				ECAA4C6D2BF33C91008172E0 /* RegisteredGamesView.swift */,
				ECAA4C6F2BF33CC6008172E0 /* ListItemRegisteredGamesView.swift */,
			);
			path = RegisteredGames;
			sourceTree = "<group>";
		};
		ECD2FF522BF212EE007836C4 = {
			isa = PBXGroup;
			children = (
				ECD2FF5D2BF212EE007836C4 /* FoodChainChess */,
				ECD2FF5C2BF212EE007836C4 /* Products */,
			);
			sourceTree = "<group>";
		};
		ECD2FF5C2BF212EE007836C4 /* Products */ = {
			isa = PBXGroup;
			children = (
				ECD2FF5B2BF212EE007836C4 /* FoodChainChess.app */,
			);
			name = Products;
			sourceTree = "<group>";
		};
		ECD2FF5D2BF212EE007836C4 /* FoodChainChess */ = {
			isa = PBXGroup;
			children = (
				ECD2FF6E2BF213CD007836C4 /* Ressources */,
				ECD2FF6D2BF21384007836C4 /* Styles */,
				ECD2FF6C2BF21345007836C4 /* Views */,
				ECD2FF5E2BF212EE007836C4 /* FoodChainChessApp.swift */,
				ECD2FF602BF212EE007836C4 /* ContentView.swift */,
				ECD2FF622BF212EE007836C4 /* Assets.xcassets */,
				ECD2FF642BF212EE007836C4 /* Preview Content */,
			);
			path = FoodChainChess;
			sourceTree = "<group>";
		};
		ECD2FF642BF212EE007836C4 /* Preview Content */ = {
			isa = PBXGroup;
			children = (
				ECD2FF652BF212EE007836C4 /* Preview Assets.xcassets */,
			);
			path = "Preview Content";
			sourceTree = "<group>";
		};
		ECD2FF6C2BF21345007836C4 /* Views */ = {
			isa = PBXGroup;
			children = (
				EC62C88B2BF34723008A99F5 /* Buttons */,
				ECFE19A92BF343CF00A1D841 /* Home */,
				ECAA4C6C2BF33C6E008172E0 /* RegisteredGames */,
				ECAA4C642BF33878008172E0 /* Games */,
				ECAA4C612BF332B8008172E0 /* PlayerFace */,
				ECAA4C5A2BF33042008172E0 /* Scoreboard */,
				ECA1ED942BF29FBC001F546D /* TopBar */,
			);
			path = Views;
			sourceTree = "<group>";
		};
		ECD2FF6D2BF21384007836C4 /* Styles */ = {
			isa = PBXGroup;
			children = (
				ECA1ED972BF2A4FD001F546D /* TextStyles.swift */,
				ECA1ED992BF2A776001F546D /* Colors.swift */,
				EC62C88E2BF34B55008A99F5 /* ButtonStyles.swift */,
			);
			path = Styles;
			sourceTree = "<group>";
		};
		ECD2FF6E2BF213CD007836C4 /* Ressources */ = {
			isa = PBXGroup;
			children = (
				ECD2FF6F2BF213F8007836C4 /* Colors.xcassets */,
				EC62C8902BF351C2008A99F5 /* ButtonSize.swift */,
			);
			path = Ressources;
			sourceTree = "<group>";
		};
		ECFE19A92BF343CF00A1D841 /* Home */ = {
			isa = PBXGroup;
			children = (
				ECFE19AA2BF343F500A1D841 /* HomeView.swift */,
			);
			path = Home;
			sourceTree = "<group>";
		};
/* End PBXGroup section */

/* Begin PBXNativeTarget section */
		ECD2FF5A2BF212EE007836C4 /* FoodChainChess */ = {
			isa = PBXNativeTarget;
			buildConfigurationList = ECD2FF692BF212EE007836C4 /* Build configuration list for PBXNativeTarget "FoodChainChess" */;
			buildPhases = (
				ECD2FF572BF212EE007836C4 /* Sources */,
				ECD2FF582BF212EE007836C4 /* Frameworks */,
				ECD2FF592BF212EE007836C4 /* Resources */,
			);
			buildRules = (
			);
			dependencies = (
			);
			name = FoodChainChess;
			productName = FoodChainChess;
			productReference = ECD2FF5B2BF212EE007836C4 /* FoodChainChess.app */;
			productType = "com.apple.product-type.application";
		};
/* End PBXNativeTarget section */

/* Begin PBXProject section */
		ECD2FF532BF212EE007836C4 /* Project object */ = {
			isa = PBXProject;
			attributes = {
				BuildIndependentTargetsInParallel = 1;
				LastSwiftUpdateCheck = 1430;
				LastUpgradeCheck = 1430;
				TargetAttributes = {
					ECD2FF5A2BF212EE007836C4 = {
						CreatedOnToolsVersion = 14.3.1;
					};
				};
			};
			buildConfigurationList = ECD2FF562BF212EE007836C4 /* Build configuration list for PBXProject "FoodChainChess" */;
			compatibilityVersion = "Xcode 14.0";
			developmentRegion = en;
			hasScannedForEncodings = 0;
			knownRegions = (
				en,
				Base,
			);
			mainGroup = ECD2FF522BF212EE007836C4;
			productRefGroup = ECD2FF5C2BF212EE007836C4 /* Products */;
			projectDirPath = "";
			projectRoot = "";
			targets = (
				ECD2FF5A2BF212EE007836C4 /* FoodChainChess */,
			);
		};
/* End PBXProject section */

/* Begin PBXResourcesBuildPhase section */
		ECD2FF592BF212EE007836C4 /* Resources */ = {
			isa = PBXResourcesBuildPhase;
			buildActionMask = 2147483647;
			files = (
				ECD2FF702BF213F8007836C4 /* Colors.xcassets in Resources */,
				ECD2FF662BF212EE007836C4 /* Preview Assets.xcassets in Resources */,
				ECD2FF632BF212EE007836C4 /* Assets.xcassets in Resources */,
			);
			runOnlyForDeploymentPostprocessing = 0;
		};
/* End PBXResourcesBuildPhase section */

/* Begin PBXSourcesBuildPhase section */
		ECD2FF572BF212EE007836C4 /* Sources */ = {
			isa = PBXSourcesBuildPhase;
			buildActionMask = 2147483647;
			files = (
				ECAA4C662BF33894008172E0 /* GamesView.swift in Sources */,
				ECA1ED982BF2A4FD001F546D /* TextStyles.swift in Sources */,
				EC62C8912BF351C2008A99F5 /* ButtonSize.swift in Sources */,
				ECFE19AB2BF343F500A1D841 /* HomeView.swift in Sources */,
				ECA1ED9A2BF2A776001F546D /* Colors.swift in Sources */,
				ECAA4C6E2BF33C91008172E0 /* RegisteredGamesView.swift in Sources */,
				ECA1ED962BF29FDF001F546D /* TopBarTitleBackArrowView.swift in Sources */,
				ECAA4C602BF33102008172E0 /* ListItemScoreboardView.swift in Sources */,
				ECAA4C6B2BF338C8008172E0 /* ListItemGamesView.swift in Sources */,
				ECAA4C702BF33CC6008172E0 /* ListItemRegisteredGamesView.swift in Sources */,
				ECD2FF612BF212EE007836C4 /* ContentView.swift in Sources */,
				ECAA4C5E2BF330A5008172E0 /* ScoreboardView.swift in Sources */,
				ECAA4C632BF332D5008172E0 /* PlayerFaceView.swift in Sources */,
				ECD2FF5F2BF212EE007836C4 /* FoodChainChessApp.swift in Sources */,
				EC62C88F2BF34B55008A99F5 /* ButtonStyles.swift in Sources */,
				EC62C88D2BF34763008A99F5 /* IconButtonView.swift in Sources */,
				EC62C8932BF3549F008A99F5 /* MainButtonView.swift in Sources */,
			);
			runOnlyForDeploymentPostprocessing = 0;
		};
/* End PBXSourcesBuildPhase section */

/* Begin XCBuildConfiguration section */
		ECD2FF672BF212EE007836C4 /* Debug */ = {
			isa = XCBuildConfiguration;
			buildSettings = {
				ALWAYS_SEARCH_USER_PATHS = NO;
				CLANG_ANALYZER_NONNULL = YES;
				CLANG_ANALYZER_NUMBER_OBJECT_CONVERSION = YES_AGGRESSIVE;
				CLANG_CXX_LANGUAGE_STANDARD = "gnu++20";
				CLANG_ENABLE_MODULES = YES;
				CLANG_ENABLE_OBJC_ARC = YES;
				CLANG_ENABLE_OBJC_WEAK = YES;
				CLANG_WARN_BLOCK_CAPTURE_AUTORELEASING = YES;
				CLANG_WARN_BOOL_CONVERSION = YES;
				CLANG_WARN_COMMA = YES;
				CLANG_WARN_CONSTANT_CONVERSION = YES;
				CLANG_WARN_DEPRECATED_OBJC_IMPLEMENTATIONS = YES;
				CLANG_WARN_DIRECT_OBJC_ISA_USAGE = YES_ERROR;
				CLANG_WARN_DOCUMENTATION_COMMENTS = YES;
				CLANG_WARN_EMPTY_BODY = YES;
				CLANG_WARN_ENUM_CONVERSION = YES;
				CLANG_WARN_INFINITE_RECURSION = YES;
				CLANG_WARN_INT_CONVERSION = YES;
				CLANG_WARN_NON_LITERAL_NULL_CONVERSION = YES;
				CLANG_WARN_OBJC_IMPLICIT_RETAIN_SELF = YES;
				CLANG_WARN_OBJC_LITERAL_CONVERSION = YES;
				CLANG_WARN_OBJC_ROOT_CLASS = YES_ERROR;
				CLANG_WARN_QUOTED_INCLUDE_IN_FRAMEWORK_HEADER = YES;
				CLANG_WARN_RANGE_LOOP_ANALYSIS = YES;
				CLANG_WARN_STRICT_PROTOTYPES = YES;
				CLANG_WARN_SUSPICIOUS_MOVE = YES;
				CLANG_WARN_UNGUARDED_AVAILABILITY = YES_AGGRESSIVE;
				CLANG_WARN_UNREACHABLE_CODE = YES;
				CLANG_WARN__DUPLICATE_METHOD_MATCH = YES;
				COPY_PHASE_STRIP = NO;
				DEBUG_INFORMATION_FORMAT = dwarf;
				ENABLE_STRICT_OBJC_MSGSEND = YES;
				ENABLE_TESTABILITY = YES;
				GCC_C_LANGUAGE_STANDARD = gnu11;
				GCC_DYNAMIC_NO_PIC = NO;
				GCC_NO_COMMON_BLOCKS = YES;
				GCC_OPTIMIZATION_LEVEL = 0;
				GCC_PREPROCESSOR_DEFINITIONS = (
					"DEBUG=1",
					"$(inherited)",
				);
				GCC_WARN_64_TO_32_BIT_CONVERSION = YES;
				GCC_WARN_ABOUT_RETURN_TYPE = YES_ERROR;
				GCC_WARN_UNDECLARED_SELECTOR = YES;
				GCC_WARN_UNINITIALIZED_AUTOS = YES_AGGRESSIVE;
				GCC_WARN_UNUSED_FUNCTION = YES;
				GCC_WARN_UNUSED_VARIABLE = YES;
				IPHONEOS_DEPLOYMENT_TARGET = 16.4;
				MTL_ENABLE_DEBUG_INFO = INCLUDE_SOURCE;
				MTL_FAST_MATH = YES;
				ONLY_ACTIVE_ARCH = YES;
				SDKROOT = iphoneos;
				SWIFT_ACTIVE_COMPILATION_CONDITIONS = DEBUG;
				SWIFT_OPTIMIZATION_LEVEL = "-Onone";
			};
			name = Debug;
		};
		ECD2FF682BF212EE007836C4 /* Release */ = {
			isa = XCBuildConfiguration;
			buildSettings = {
				ALWAYS_SEARCH_USER_PATHS = NO;
				CLANG_ANALYZER_NONNULL = YES;
				CLANG_ANALYZER_NUMBER_OBJECT_CONVERSION = YES_AGGRESSIVE;
				CLANG_CXX_LANGUAGE_STANDARD = "gnu++20";
				CLANG_ENABLE_MODULES = YES;
				CLANG_ENABLE_OBJC_ARC = YES;
				CLANG_ENABLE_OBJC_WEAK = YES;
				CLANG_WARN_BLOCK_CAPTURE_AUTORELEASING = YES;
				CLANG_WARN_BOOL_CONVERSION = YES;
				CLANG_WARN_COMMA = YES;
				CLANG_WARN_CONSTANT_CONVERSION = YES;
				CLANG_WARN_DEPRECATED_OBJC_IMPLEMENTATIONS = YES;
				CLANG_WARN_DIRECT_OBJC_ISA_USAGE = YES_ERROR;
				CLANG_WARN_DOCUMENTATION_COMMENTS = YES;
				CLANG_WARN_EMPTY_BODY = YES;
				CLANG_WARN_ENUM_CONVERSION = YES;
				CLANG_WARN_INFINITE_RECURSION = YES;
				CLANG_WARN_INT_CONVERSION = YES;
				CLANG_WARN_NON_LITERAL_NULL_CONVERSION = YES;
				CLANG_WARN_OBJC_IMPLICIT_RETAIN_SELF = YES;
				CLANG_WARN_OBJC_LITERAL_CONVERSION = YES;
				CLANG_WARN_OBJC_ROOT_CLASS = YES_ERROR;
				CLANG_WARN_QUOTED_INCLUDE_IN_FRAMEWORK_HEADER = YES;
				CLANG_WARN_RANGE_LOOP_ANALYSIS = YES;
				CLANG_WARN_STRICT_PROTOTYPES = YES;
				CLANG_WARN_SUSPICIOUS_MOVE = YES;
				CLANG_WARN_UNGUARDED_AVAILABILITY = YES_AGGRESSIVE;
				CLANG_WARN_UNREACHABLE_CODE = YES;
				CLANG_WARN__DUPLICATE_METHOD_MATCH = YES;
				COPY_PHASE_STRIP = NO;
				DEBUG_INFORMATION_FORMAT = "dwarf-with-dsym";
				ENABLE_NS_ASSERTIONS = NO;
				ENABLE_STRICT_OBJC_MSGSEND = YES;
				GCC_C_LANGUAGE_STANDARD = gnu11;
				GCC_NO_COMMON_BLOCKS = YES;
				GCC_WARN_64_TO_32_BIT_CONVERSION = YES;
				GCC_WARN_ABOUT_RETURN_TYPE = YES_ERROR;
				GCC_WARN_UNDECLARED_SELECTOR = YES;
				GCC_WARN_UNINITIALIZED_AUTOS = YES_AGGRESSIVE;
				GCC_WARN_UNUSED_FUNCTION = YES;
				GCC_WARN_UNUSED_VARIABLE = YES;
				IPHONEOS_DEPLOYMENT_TARGET = 16.4;
				MTL_ENABLE_DEBUG_INFO = NO;
				MTL_FAST_MATH = YES;
				SDKROOT = iphoneos;
				SWIFT_COMPILATION_MODE = wholemodule;
				SWIFT_OPTIMIZATION_LEVEL = "-O";
				VALIDATE_PRODUCT = YES;
			};
			name = Release;
		};
		ECD2FF6A2BF212EE007836C4 /* Debug */ = {
			isa = XCBuildConfiguration;
			buildSettings = {
				ASSETCATALOG_COMPILER_APPICON_NAME = AppIcon;
				ASSETCATALOG_COMPILER_GLOBAL_ACCENT_COLOR_NAME = AccentColor;
				CODE_SIGN_STYLE = Automatic;
				CURRENT_PROJECT_VERSION = 1;
				DEVELOPMENT_ASSET_PATHS = "\"FoodChainChess/Preview Content\"";
				ENABLE_PREVIEWS = YES;
				GENERATE_INFOPLIST_FILE = YES;
				INFOPLIST_KEY_UIApplicationSceneManifest_Generation = YES;
				INFOPLIST_KEY_UIApplicationSupportsIndirectInputEvents = YES;
				INFOPLIST_KEY_UILaunchScreen_Generation = YES;
				INFOPLIST_KEY_UISupportedInterfaceOrientations_iPad = "UIInterfaceOrientationPortrait UIInterfaceOrientationPortraitUpsideDown UIInterfaceOrientationLandscapeLeft UIInterfaceOrientationLandscapeRight";
				INFOPLIST_KEY_UISupportedInterfaceOrientations_iPhone = "UIInterfaceOrientationPortrait UIInterfaceOrientationLandscapeLeft UIInterfaceOrientationLandscapeRight";
				LD_RUNPATH_SEARCH_PATHS = (
					"$(inherited)",
					"@executable_path/Frameworks",
				);
				MARKETING_VERSION = 1.0;
				PRODUCT_BUNDLE_IDENTIFIER = fr.uca.iut.FoodChainChess;
				PRODUCT_NAME = "$(TARGET_NAME)";
				SWIFT_EMIT_LOC_STRINGS = YES;
				SWIFT_VERSION = 5.0;
				TARGETED_DEVICE_FAMILY = "1,2";
			};
			name = Debug;
		};
		ECD2FF6B2BF212EE007836C4 /* Release */ = {
			isa = XCBuildConfiguration;
			buildSettings = {
				ASSETCATALOG_COMPILER_APPICON_NAME = AppIcon;
				ASSETCATALOG_COMPILER_GLOBAL_ACCENT_COLOR_NAME = AccentColor;
				CODE_SIGN_STYLE = Automatic;
				CURRENT_PROJECT_VERSION = 1;
				DEVELOPMENT_ASSET_PATHS = "\"FoodChainChess/Preview Content\"";
				ENABLE_PREVIEWS = YES;
				GENERATE_INFOPLIST_FILE = YES;
				INFOPLIST_KEY_UIApplicationSceneManifest_Generation = YES;
				INFOPLIST_KEY_UIApplicationSupportsIndirectInputEvents = YES;
				INFOPLIST_KEY_UILaunchScreen_Generation = YES;
				INFOPLIST_KEY_UISupportedInterfaceOrientations_iPad = "UIInterfaceOrientationPortrait UIInterfaceOrientationPortraitUpsideDown UIInterfaceOrientationLandscapeLeft UIInterfaceOrientationLandscapeRight";
				INFOPLIST_KEY_UISupportedInterfaceOrientations_iPhone = "UIInterfaceOrientationPortrait UIInterfaceOrientationLandscapeLeft UIInterfaceOrientationLandscapeRight";
				LD_RUNPATH_SEARCH_PATHS = (
					"$(inherited)",
					"@executable_path/Frameworks",
				);
				MARKETING_VERSION = 1.0;
				PRODUCT_BUNDLE_IDENTIFIER = fr.uca.iut.FoodChainChess;
				PRODUCT_NAME = "$(TARGET_NAME)";
				SWIFT_EMIT_LOC_STRINGS = YES;
				SWIFT_VERSION = 5.0;
				TARGETED_DEVICE_FAMILY = "1,2";
			};
			name = Release;
		};
/* End XCBuildConfiguration section */

/* Begin XCConfigurationList section */
		ECD2FF562BF212EE007836C4 /* Build configuration list for PBXProject "FoodChainChess" */ = {
			isa = XCConfigurationList;
			buildConfigurations = (
				ECD2FF672BF212EE007836C4 /* Debug */,
				ECD2FF682BF212EE007836C4 /* Release */,
			);
			defaultConfigurationIsVisible = 0;
			defaultConfigurationName = Release;
		};
		ECD2FF692BF212EE007836C4 /* Build configuration list for PBXNativeTarget "FoodChainChess" */ = {
			isa = XCConfigurationList;
			buildConfigurations = (
				ECD2FF6A2BF212EE007836C4 /* Debug */,
				ECD2FF6B2BF212EE007836C4 /* Release */,
			);
			defaultConfigurationIsVisible = 0;
			defaultConfigurationName = Release;
		};
/* End XCConfigurationList section */
	};
	rootObject = ECD2FF532BF212EE007836C4 /* Project object */;
}
