// !$*UTF8*$!
{
	archiveVersion = 1;
	classes = {
	};
	objectVersion = 56;
	objects = {

/* Begin PBXBuildFile section */
		EC055C5A2C05FED8008A5C56 /* PlayerManager.swift in Sources */ = {isa = PBXBuildFile; fileRef = EC055C592C05FED8008A5C56 /* PlayerManager.swift */; };
		EC1E90E32BFDE83E0006C610 /* LanguagePickerView.swift in Sources */ = {isa = PBXBuildFile; fileRef = EC1E90E22BFDE83E0006C610 /* LanguagePickerView.swift */; };
		EC2BE6282C274156002418BC /* GameSceneManager.swift in Sources */ = {isa = PBXBuildFile; fileRef = EC2BE6272C274156002418BC /* GameSceneManager.swift */; };
		EC3634932BFDD4700047975C /* EndGamePopUpView.swift in Sources */ = {isa = PBXBuildFile; fileRef = EC3634922BFDD4700047975C /* EndGamePopUpView.swift */; };
		EC3634952BFDE55D0047975C /* PlayerProfileComponentView.swift in Sources */ = {isa = PBXBuildFile; fileRef = EC3634942BFDE55D0047975C /* PlayerProfileComponentView.swift */; };
		EC3634972BFDE7EA0047975C /* PlayerScoreComponentView.swift in Sources */ = {isa = PBXBuildFile; fileRef = EC3634962BFDE7EA0047975C /* PlayerScoreComponentView.swift */; };
		EC624AFF2C10653300138D8D /* GameVM.swift in Sources */ = {isa = PBXBuildFile; fileRef = EC624AFE2C10653300138D8D /* GameVM.swift */; };
		EC62C88D2BF34763008A99F5 /* IconButtonView.swift in Sources */ = {isa = PBXBuildFile; fileRef = EC62C88C2BF34763008A99F5 /* IconButtonView.swift */; };
		EC62C88F2BF34B55008A99F5 /* ButtonStyles.swift in Sources */ = {isa = PBXBuildFile; fileRef = EC62C88E2BF34B55008A99F5 /* ButtonStyles.swift */; };
		EC62C8912BF351C2008A99F5 /* ButtonSize.swift in Sources */ = {isa = PBXBuildFile; fileRef = EC62C8902BF351C2008A99F5 /* ButtonSize.swift */; };
		EC62C8932BF3549F008A99F5 /* MainButtonView.swift in Sources */ = {isa = PBXBuildFile; fileRef = EC62C8922BF3549F008A99F5 /* MainButtonView.swift */; };
		EC62C8962BF36923008A99F5 /* StartGamePopUpView.swift in Sources */ = {isa = PBXBuildFile; fileRef = EC62C8952BF36923008A99F5 /* StartGamePopUpView.swift */; };
		EC62C89C2BF39254008A99F5 /* PickerItems.swift in Sources */ = {isa = PBXBuildFile; fileRef = EC62C89B2BF39254008A99F5 /* PickerItems.swift */; };
		EC83FCD72C046D780075D6F4 /* LanguageSettings.swift in Sources */ = {isa = PBXBuildFile; fileRef = EC83FCD62C046D780075D6F4 /* LanguageSettings.swift */; };
		EC83FCD92C0475FE0075D6F4 /* AppearanceSettings.swift in Sources */ = {isa = PBXBuildFile; fileRef = EC83FCD82C0475FE0075D6F4 /* AppearanceSettings.swift */; };
		EC9736D32C038FA100442C23 /* ImagePicker.swift in Sources */ = {isa = PBXBuildFile; fileRef = EC9736D22C038FA100442C23 /* ImagePicker.swift */; };
		ECA1ED962BF29FDF001F546D /* TopBarTitleBackArrowView.swift in Sources */ = {isa = PBXBuildFile; fileRef = ECA1ED952BF29FDF001F546D /* TopBarTitleBackArrowView.swift */; };
		ECA1ED982BF2A4FD001F546D /* TextStyles.swift in Sources */ = {isa = PBXBuildFile; fileRef = ECA1ED972BF2A4FD001F546D /* TextStyles.swift */; };
		ECA1ED9A2BF2A776001F546D /* Colors.swift in Sources */ = {isa = PBXBuildFile; fileRef = ECA1ED992BF2A776001F546D /* Colors.swift */; };
		ECA5AE4C2C09FC97004A0A39 /* PlayerVM.swift in Sources */ = {isa = PBXBuildFile; fileRef = ECA5AE4B2C09FC97004A0A39 /* PlayerVM.swift */; };
		ECA69E332C00C30D005C7689 /* BoardView.swift in Sources */ = {isa = PBXBuildFile; fileRef = ECA69E322C00C30D005C7689 /* BoardView.swift */; };
		ECA69E352C00C33A005C7689 /* PlayerProfilBoardView.swift in Sources */ = {isa = PBXBuildFile; fileRef = ECA69E342C00C33A005C7689 /* PlayerProfilBoardView.swift */; };
		ECA69E372C00C364005C7689 /* GameScene.swift in Sources */ = {isa = PBXBuildFile; fileRef = ECA69E362C00C364005C7689 /* GameScene.swift */; };
		ECA69E392C00C38D005C7689 /* SpriteMeeple.swift in Sources */ = {isa = PBXBuildFile; fileRef = ECA69E382C00C38D005C7689 /* SpriteMeeple.swift */; };
		ECA69E3C2C00C577005C7689 /* Localization.xcstrings in Resources */ = {isa = PBXBuildFile; fileRef = ECA69E3B2C00C577005C7689 /* Localization.xcstrings */; };
		ECAA4C5E2BF330A5008172E0 /* ScoreboardView.swift in Sources */ = {isa = PBXBuildFile; fileRef = ECAA4C5D2BF330A5008172E0 /* ScoreboardView.swift */; };
		ECAA4C602BF33102008172E0 /* ListItemScoreboardView.swift in Sources */ = {isa = PBXBuildFile; fileRef = ECAA4C5F2BF33102008172E0 /* ListItemScoreboardView.swift */; };
		ECAA4C632BF332D5008172E0 /* PlayerFaceView.swift in Sources */ = {isa = PBXBuildFile; fileRef = ECAA4C622BF332D5008172E0 /* PlayerFaceView.swift */; };
		ECAA4C662BF33894008172E0 /* GamesView.swift in Sources */ = {isa = PBXBuildFile; fileRef = ECAA4C652BF33894008172E0 /* GamesView.swift */; };
		ECAA4C6B2BF338C8008172E0 /* ListItemGamesView.swift in Sources */ = {isa = PBXBuildFile; fileRef = ECAA4C6A2BF338C8008172E0 /* ListItemGamesView.swift */; };
		ECAA4C6E2BF33C91008172E0 /* RegisteredGamesView.swift in Sources */ = {isa = PBXBuildFile; fileRef = ECAA4C6D2BF33C91008172E0 /* RegisteredGamesView.swift */; };
		ECAA4C702BF33CC6008172E0 /* ListItemRegisteredGamesView.swift in Sources */ = {isa = PBXBuildFile; fileRef = ECAA4C6F2BF33CC6008172E0 /* ListItemRegisteredGamesView.swift */; };
		ECAB1FF32BF3627D003D866C /* CreatePlayerView.swift in Sources */ = {isa = PBXBuildFile; fileRef = ECAB1FF22BF3627D003D866C /* CreatePlayerView.swift */; };
		ECAB1FF52BF3631B003D866C /* ProfilePictureView.swift in Sources */ = {isa = PBXBuildFile; fileRef = ECAB1FF42BF3631B003D866C /* ProfilePictureView.swift */; };
		ECC36F432BFDD02A0071AF45 /* ParametersView.swift in Sources */ = {isa = PBXBuildFile; fileRef = ECC36F422BFDD02A0071AF45 /* ParametersView.swift */; };
		ECC36F452BFDD8FC0071AF45 /* ModeSwitchView.swift in Sources */ = {isa = PBXBuildFile; fileRef = ECC36F442BFDD8FC0071AF45 /* ModeSwitchView.swift */; };
		ECD2FF5F2BF212EE007836C4 /* FoodChainChessApp.swift in Sources */ = {isa = PBXBuildFile; fileRef = ECD2FF5E2BF212EE007836C4 /* FoodChainChessApp.swift */; };
		ECD2FF612BF212EE007836C4 /* ContentView.swift in Sources */ = {isa = PBXBuildFile; fileRef = ECD2FF602BF212EE007836C4 /* ContentView.swift */; };
		ECD2FF632BF212EE007836C4 /* Assets.xcassets in Resources */ = {isa = PBXBuildFile; fileRef = ECD2FF622BF212EE007836C4 /* Assets.xcassets */; };
		ECD2FF662BF212EE007836C4 /* Preview Assets.xcassets in Resources */ = {isa = PBXBuildFile; fileRef = ECD2FF652BF212EE007836C4 /* Preview Assets.xcassets */; };
		ECD2FF702BF213F8007836C4 /* Colors.xcassets in Resources */ = {isa = PBXBuildFile; fileRef = ECD2FF6F2BF213F8007836C4 /* Colors.xcassets */; };
		ECF76BC72C28AB99006BD0AC /* DSQ.xcframework in Frameworks */ = {isa = PBXBuildFile; fileRef = ECD5282F2C00CD0D00BA6C4E /* DSQ.xcframework */; };
		ECF76BC82C28AB99006BD0AC /* DSQ.xcframework in Embed Frameworks */ = {isa = PBXBuildFile; fileRef = ECD5282F2C00CD0D00BA6C4E /* DSQ.xcframework */; settings = {ATTRIBUTES = (CodeSignOnCopy, RemoveHeadersOnCopy, ); }; };
		ECFE19AB2BF343F500A1D841 /* HomeView.swift in Sources */ = {isa = PBXBuildFile; fileRef = ECFE19AA2BF343F500A1D841 /* HomeView.swift */; };
/* End PBXBuildFile section */

/* Begin PBXCopyFilesBuildPhase section */
		ECF76BC92C28AB99006BD0AC /* Embed Frameworks */ = {
			isa = PBXCopyFilesBuildPhase;
			buildActionMask = 2147483647;
			dstPath = "";
			dstSubfolderSpec = 10;
			files = (
				ECF76BC82C28AB99006BD0AC /* DSQ.xcframework in Embed Frameworks */,
			);
			name = "Embed Frameworks";
			runOnlyForDeploymentPostprocessing = 0;
		};
/* End PBXCopyFilesBuildPhase section */

/* Begin PBXFileReference section */
		EC055C592C05FED8008A5C56 /* PlayerManager.swift */ = {isa = PBXFileReference; lastKnownFileType = sourcecode.swift; path = PlayerManager.swift; sourceTree = "<group>"; };
		EC1E90E22BFDE83E0006C610 /* LanguagePickerView.swift */ = {isa = PBXFileReference; lastKnownFileType = sourcecode.swift; path = LanguagePickerView.swift; sourceTree = "<group>"; };
		EC2BE6272C274156002418BC /* GameSceneManager.swift */ = {isa = PBXFileReference; lastKnownFileType = sourcecode.swift; path = GameSceneManager.swift; sourceTree = "<group>"; };
		EC3634922BFDD4700047975C /* EndGamePopUpView.swift */ = {isa = PBXFileReference; lastKnownFileType = sourcecode.swift; path = EndGamePopUpView.swift; sourceTree = "<group>"; };
		EC3634942BFDE55D0047975C /* PlayerProfileComponentView.swift */ = {isa = PBXFileReference; lastKnownFileType = sourcecode.swift; path = PlayerProfileComponentView.swift; sourceTree = "<group>"; };
		EC3634962BFDE7EA0047975C /* PlayerScoreComponentView.swift */ = {isa = PBXFileReference; lastKnownFileType = sourcecode.swift; path = PlayerScoreComponentView.swift; sourceTree = "<group>"; };
		EC624AFE2C10653300138D8D /* GameVM.swift */ = {isa = PBXFileReference; lastKnownFileType = sourcecode.swift; path = GameVM.swift; sourceTree = "<group>"; };
		EC62C88C2BF34763008A99F5 /* IconButtonView.swift */ = {isa = PBXFileReference; lastKnownFileType = sourcecode.swift; path = IconButtonView.swift; sourceTree = "<group>"; };
		EC62C88E2BF34B55008A99F5 /* ButtonStyles.swift */ = {isa = PBXFileReference; lastKnownFileType = sourcecode.swift; path = ButtonStyles.swift; sourceTree = "<group>"; };
		EC62C8902BF351C2008A99F5 /* ButtonSize.swift */ = {isa = PBXFileReference; lastKnownFileType = sourcecode.swift; path = ButtonSize.swift; sourceTree = "<group>"; };
		EC62C8922BF3549F008A99F5 /* MainButtonView.swift */ = {isa = PBXFileReference; lastKnownFileType = sourcecode.swift; path = MainButtonView.swift; sourceTree = "<group>"; };
		EC62C8952BF36923008A99F5 /* StartGamePopUpView.swift */ = {isa = PBXFileReference; lastKnownFileType = sourcecode.swift; path = StartGamePopUpView.swift; sourceTree = "<group>"; };
		EC62C89B2BF39254008A99F5 /* PickerItems.swift */ = {isa = PBXFileReference; lastKnownFileType = sourcecode.swift; path = PickerItems.swift; sourceTree = "<group>"; };
		EC83FCD62C046D780075D6F4 /* LanguageSettings.swift */ = {isa = PBXFileReference; lastKnownFileType = sourcecode.swift; path = LanguageSettings.swift; sourceTree = "<group>"; };
		EC83FCD82C0475FE0075D6F4 /* AppearanceSettings.swift */ = {isa = PBXFileReference; lastKnownFileType = sourcecode.swift; path = AppearanceSettings.swift; sourceTree = "<group>"; };
		EC9736D22C038FA100442C23 /* ImagePicker.swift */ = {isa = PBXFileReference; lastKnownFileType = sourcecode.swift; path = ImagePicker.swift; sourceTree = "<group>"; };
		ECA1ED952BF29FDF001F546D /* TopBarTitleBackArrowView.swift */ = {isa = PBXFileReference; lastKnownFileType = sourcecode.swift; path = TopBarTitleBackArrowView.swift; sourceTree = "<group>"; };
		ECA1ED972BF2A4FD001F546D /* TextStyles.swift */ = {isa = PBXFileReference; lastKnownFileType = sourcecode.swift; name = TextStyles.swift; path = FoodChainChess/Views/TextStyles.swift; sourceTree = SOURCE_ROOT; };
		ECA1ED992BF2A776001F546D /* Colors.swift */ = {isa = PBXFileReference; lastKnownFileType = sourcecode.swift; name = Colors.swift; path = FoodChainChess/Views/Colors.swift; sourceTree = SOURCE_ROOT; };
		ECA5AE4B2C09FC97004A0A39 /* PlayerVM.swift */ = {isa = PBXFileReference; lastKnownFileType = sourcecode.swift; path = PlayerVM.swift; sourceTree = "<group>"; };
		ECA69E322C00C30D005C7689 /* BoardView.swift */ = {isa = PBXFileReference; lastKnownFileType = sourcecode.swift; path = BoardView.swift; sourceTree = "<group>"; };
		ECA69E342C00C33A005C7689 /* PlayerProfilBoardView.swift */ = {isa = PBXFileReference; lastKnownFileType = sourcecode.swift; path = PlayerProfilBoardView.swift; sourceTree = "<group>"; };
		ECA69E362C00C364005C7689 /* GameScene.swift */ = {isa = PBXFileReference; lastKnownFileType = sourcecode.swift; path = GameScene.swift; sourceTree = "<group>"; };
		ECA69E382C00C38D005C7689 /* SpriteMeeple.swift */ = {isa = PBXFileReference; lastKnownFileType = sourcecode.swift; path = SpriteMeeple.swift; sourceTree = "<group>"; };
		ECA69E3B2C00C577005C7689 /* Localization.xcstrings */ = {isa = PBXFileReference; lastKnownFileType = text.json.xcstrings; path = Localization.xcstrings; sourceTree = "<group>"; };
		ECAA4C5D2BF330A5008172E0 /* ScoreboardView.swift */ = {isa = PBXFileReference; lastKnownFileType = sourcecode.swift; path = ScoreboardView.swift; sourceTree = "<group>"; };
		ECAA4C5F2BF33102008172E0 /* ListItemScoreboardView.swift */ = {isa = PBXFileReference; lastKnownFileType = sourcecode.swift; path = ListItemScoreboardView.swift; sourceTree = "<group>"; };
		ECAA4C622BF332D5008172E0 /* PlayerFaceView.swift */ = {isa = PBXFileReference; lastKnownFileType = sourcecode.swift; path = PlayerFaceView.swift; sourceTree = "<group>"; };
		ECAA4C652BF33894008172E0 /* GamesView.swift */ = {isa = PBXFileReference; lastKnownFileType = sourcecode.swift; path = GamesView.swift; sourceTree = "<group>"; };
		ECAA4C6A2BF338C8008172E0 /* ListItemGamesView.swift */ = {isa = PBXFileReference; lastKnownFileType = sourcecode.swift; path = ListItemGamesView.swift; sourceTree = "<group>"; };
		ECAA4C6D2BF33C91008172E0 /* RegisteredGamesView.swift */ = {isa = PBXFileReference; lastKnownFileType = sourcecode.swift; path = RegisteredGamesView.swift; sourceTree = "<group>"; };
		ECAA4C6F2BF33CC6008172E0 /* ListItemRegisteredGamesView.swift */ = {isa = PBXFileReference; lastKnownFileType = sourcecode.swift; path = ListItemRegisteredGamesView.swift; sourceTree = "<group>"; };
		ECAB1FF22BF3627D003D866C /* CreatePlayerView.swift */ = {isa = PBXFileReference; lastKnownFileType = sourcecode.swift; path = CreatePlayerView.swift; sourceTree = "<group>"; };
		ECAB1FF42BF3631B003D866C /* ProfilePictureView.swift */ = {isa = PBXFileReference; lastKnownFileType = sourcecode.swift; path = ProfilePictureView.swift; sourceTree = "<group>"; };
		ECC36F422BFDD02A0071AF45 /* ParametersView.swift */ = {isa = PBXFileReference; lastKnownFileType = sourcecode.swift; path = ParametersView.swift; sourceTree = "<group>"; };
		ECC36F442BFDD8FC0071AF45 /* ModeSwitchView.swift */ = {isa = PBXFileReference; lastKnownFileType = sourcecode.swift; path = ModeSwitchView.swift; sourceTree = "<group>"; };
		ECD2FF5B2BF212EE007836C4 /* FoodChainChess.app */ = {isa = PBXFileReference; explicitFileType = wrapper.application; includeInIndex = 0; path = FoodChainChess.app; sourceTree = BUILT_PRODUCTS_DIR; };
		ECD2FF5E2BF212EE007836C4 /* FoodChainChessApp.swift */ = {isa = PBXFileReference; lastKnownFileType = sourcecode.swift; path = FoodChainChessApp.swift; sourceTree = "<group>"; };
		ECD2FF602BF212EE007836C4 /* ContentView.swift */ = {isa = PBXFileReference; lastKnownFileType = sourcecode.swift; path = ContentView.swift; sourceTree = "<group>"; };
		ECD2FF622BF212EE007836C4 /* Assets.xcassets */ = {isa = PBXFileReference; lastKnownFileType = folder.assetcatalog; path = Assets.xcassets; sourceTree = "<group>"; };
		ECD2FF652BF212EE007836C4 /* Preview Assets.xcassets */ = {isa = PBXFileReference; lastKnownFileType = folder.assetcatalog; path = "Preview Assets.xcassets"; sourceTree = "<group>"; };
		ECD2FF6F2BF213F8007836C4 /* Colors.xcassets */ = {isa = PBXFileReference; lastKnownFileType = folder.assetcatalog; path = Colors.xcassets; sourceTree = "<group>"; };
		ECD5282F2C00CD0D00BA6C4E /* DSQ.xcframework */ = {isa = PBXFileReference; lastKnownFileType = wrapper.xcframework; name = DSQ.xcframework; path = XCFramework/DSQ.xcframework; sourceTree = "<group>"; };
		ECF76BCA2C28AFB6006BD0AC /* Info.plist */ = {isa = PBXFileReference; lastKnownFileType = text.plist; path = Info.plist; sourceTree = "<group>"; };
		ECFE19AA2BF343F500A1D841 /* HomeView.swift */ = {isa = PBXFileReference; lastKnownFileType = sourcecode.swift; path = HomeView.swift; sourceTree = "<group>"; };
/* End PBXFileReference section */

/* Begin PBXFrameworksBuildPhase section */
		ECD2FF582BF212EE007836C4 /* Frameworks */ = {
			isa = PBXFrameworksBuildPhase;
			buildActionMask = 2147483647;
			files = (
				ECF76BC72C28AB99006BD0AC /* DSQ.xcframework in Frameworks */,
			);
			runOnlyForDeploymentPostprocessing = 0;
		};
/* End PBXFrameworksBuildPhase section */

/* Begin PBXGroup section */
		EC055C582C05FEC3008A5C56 /* Binding */ = {
			isa = PBXGroup;
			children = (
				EC055C592C05FED8008A5C56 /* PlayerManager.swift */,
				EC2BE6272C274156002418BC /* GameSceneManager.swift */,
			);
			path = Binding;
			sourceTree = "<group>";
		};
		EC62C88B2BF34723008A99F5 /* Buttons */ = {
			isa = PBXGroup;
			children = (
				EC62C88C2BF34763008A99F5 /* IconButtonView.swift */,
				EC62C8922BF3549F008A99F5 /* MainButtonView.swift */,
			);
			path = Buttons;
			sourceTree = "<group>";
		};
		EC62C8942BF36901008A99F5 /* Popups */ = {
			isa = PBXGroup;
			children = (
				EC62C8952BF36923008A99F5 /* StartGamePopUpView.swift */,
				EC3634922BFDD4700047975C /* EndGamePopUpView.swift */,
			);
			path = Popups;
			sourceTree = "<group>";
		};
		EC62C8972BF38EB0008A99F5 /* Components */ = {
			isa = PBXGroup;
			children = (
				EC3634942BFDE55D0047975C /* PlayerProfileComponentView.swift */,
				EC62C8942BF36901008A99F5 /* Popups */,
				EC62C88B2BF34723008A99F5 /* Buttons */,
				EC3634962BFDE7EA0047975C /* PlayerScoreComponentView.swift */,
			);
			path = Components;
			sourceTree = "<group>";
		};
		EC62C89A2BF3923C008A99F5 /* Stub */ = {
			isa = PBXGroup;
			children = (
				EC62C89B2BF39254008A99F5 /* PickerItems.swift */,
			);
			path = Stub;
			sourceTree = "<group>";
		};
		EC83FCD32C046D500075D6F4 /* Settings */ = {
			isa = PBXGroup;
			children = (
				EC83FCD62C046D780075D6F4 /* LanguageSettings.swift */,
				EC83FCD82C0475FE0075D6F4 /* AppearanceSettings.swift */,
			);
			path = Settings;
			sourceTree = "<group>";
		};
		ECA1ED942BF29FBC001F546D /* TopBar */ = {
			isa = PBXGroup;
			children = (
				ECA1ED952BF29FDF001F546D /* TopBarTitleBackArrowView.swift */,
			);
			path = TopBar;
			sourceTree = "<group>";
		};
		ECA5AE4A2C09FC7F004A0A39 /* ViewModels */ = {
			isa = PBXGroup;
			children = (
				ECA5AE4B2C09FC97004A0A39 /* PlayerVM.swift */,
				EC624AFE2C10653300138D8D /* GameVM.swift */,
			);
			path = ViewModels;
			sourceTree = "<group>";
		};
		ECA69E302C00C2E3005C7689 /* Board */ = {
			isa = PBXGroup;
			children = (
				ECA69E322C00C30D005C7689 /* BoardView.swift */,
				ECA69E342C00C33A005C7689 /* PlayerProfilBoardView.swift */,
				ECA69E362C00C364005C7689 /* GameScene.swift */,
				ECA69E382C00C38D005C7689 /* SpriteMeeple.swift */,
			);
			path = Board;
			sourceTree = "<group>";
		};
		ECA69E3A2C00C551005C7689 /* Localization */ = {
			isa = PBXGroup;
			children = (
				ECA69E3B2C00C577005C7689 /* Localization.xcstrings */,
			);
			path = Localization;
			sourceTree = "<group>";
		};
		ECAA4C5A2BF33042008172E0 /* Scoreboard */ = {
			isa = PBXGroup;
			children = (
				ECAA4C5D2BF330A5008172E0 /* ScoreboardView.swift */,
				ECAA4C5F2BF33102008172E0 /* ListItemScoreboardView.swift */,
			);
			path = Scoreboard;
			sourceTree = "<group>";
		};
		ECAA4C612BF332B8008172E0 /* PlayerFace */ = {
			isa = PBXGroup;
			children = (
				ECAA4C622BF332D5008172E0 /* PlayerFaceView.swift */,
			);
			path = PlayerFace;
			sourceTree = "<group>";
		};
		ECAA4C642BF33878008172E0 /* Games */ = {
			isa = PBXGroup;
			children = (
				ECAA4C652BF33894008172E0 /* GamesView.swift */,
				ECAA4C6A2BF338C8008172E0 /* ListItemGamesView.swift */,
			);
			path = Games;
			sourceTree = "<group>";
		};
		ECAA4C6C2BF33C6E008172E0 /* RegisteredGames */ = {
			isa = PBXGroup;
			children = (
				ECAA4C6D2BF33C91008172E0 /* RegisteredGamesView.swift */,
				ECAA4C6F2BF33CC6008172E0 /* ListItemRegisteredGamesView.swift */,
			);
			path = RegisteredGames;
			sourceTree = "<group>";
		};
		ECAB1FF12BF3625B003D866C /* CreatePlayer */ = {
			isa = PBXGroup;
			children = (
				ECAB1FF22BF3627D003D866C /* CreatePlayerView.swift */,
				ECAB1FF42BF3631B003D866C /* ProfilePictureView.swift */,
				EC9736D22C038FA100442C23 /* ImagePicker.swift */,
			);
			path = CreatePlayer;
			sourceTree = "<group>";
		};
		ECC36F412BFDD00B0071AF45 /* Parameters */ = {
			isa = PBXGroup;
			children = (
				ECC36F422BFDD02A0071AF45 /* ParametersView.swift */,
				ECC36F442BFDD8FC0071AF45 /* ModeSwitchView.swift */,
				EC1E90E22BFDE83E0006C610 /* LanguagePickerView.swift */,
			);
			path = Parameters;
			sourceTree = "<group>";
		};
		ECD2FF522BF212EE007836C4 = {
			isa = PBXGroup;
			children = (
				ECD2FF5D2BF212EE007836C4 /* FoodChainChess */,
				ECD2FF5C2BF212EE007836C4 /* Products */,
				ECD5282E2C00CD0D00BA6C4E /* Frameworks */,
			);
			sourceTree = "<group>";
		};
		ECD2FF5C2BF212EE007836C4 /* Products */ = {
			isa = PBXGroup;
			children = (
				ECD2FF5B2BF212EE007836C4 /* FoodChainChess.app */,
			);
			name = Products;
			sourceTree = "<group>";
		};
		ECD2FF5D2BF212EE007836C4 /* FoodChainChess */ = {
			isa = PBXGroup;
			children = (
				ECF76BCA2C28AFB6006BD0AC /* Info.plist */,
				ECA5AE4A2C09FC7F004A0A39 /* ViewModels */,
				EC055C582C05FEC3008A5C56 /* Binding */,
				EC83FCD32C046D500075D6F4 /* Settings */,
				EC62C89A2BF3923C008A99F5 /* Stub */,
				ECD2FF6E2BF213CD007836C4 /* Ressources */,
				ECD2FF6D2BF21384007836C4 /* Styles */,
				ECD2FF6C2BF21345007836C4 /* Views */,
				ECD2FF5E2BF212EE007836C4 /* FoodChainChessApp.swift */,
				ECD2FF602BF212EE007836C4 /* ContentView.swift */,
				ECD2FF622BF212EE007836C4 /* Assets.xcassets */,
				ECD2FF642BF212EE007836C4 /* Preview Content */,
			);
			path = FoodChainChess;
			sourceTree = "<group>";
		};
		ECD2FF642BF212EE007836C4 /* Preview Content */ = {
			isa = PBXGroup;
			children = (
				ECD2FF652BF212EE007836C4 /* Preview Assets.xcassets */,
			);
			path = "Preview Content";
			sourceTree = "<group>";
		};
		ECD2FF6C2BF21345007836C4 /* Views */ = {
			isa = PBXGroup;
			children = (
				ECA69E302C00C2E3005C7689 /* Board */,
				ECC36F412BFDD00B0071AF45 /* Parameters */,
				ECAB1FF12BF3625B003D866C /* CreatePlayer */,
				EC62C8972BF38EB0008A99F5 /* Components */,
				ECFE19A92BF343CF00A1D841 /* Home */,
				ECAA4C6C2BF33C6E008172E0 /* RegisteredGames */,
				ECAA4C642BF33878008172E0 /* Games */,
				ECAA4C612BF332B8008172E0 /* PlayerFace */,
				ECAA4C5A2BF33042008172E0 /* Scoreboard */,
				ECA1ED942BF29FBC001F546D /* TopBar */,
			);
			path = Views;
			sourceTree = "<group>";
		};
		ECD2FF6D2BF21384007836C4 /* Styles */ = {
			isa = PBXGroup;
			children = (
				ECA1ED972BF2A4FD001F546D /* TextStyles.swift */,
				ECA1ED992BF2A776001F546D /* Colors.swift */,
				EC62C88E2BF34B55008A99F5 /* ButtonStyles.swift */,
			);
			path = Styles;
			sourceTree = "<group>";
		};
		ECD2FF6E2BF213CD007836C4 /* Ressources */ = {
			isa = PBXGroup;
			children = (
				ECA69E3A2C00C551005C7689 /* Localization */,
				ECD2FF6F2BF213F8007836C4 /* Colors.xcassets */,
				EC62C8902BF351C2008A99F5 /* ButtonSize.swift */,
			);
			path = Ressources;
			sourceTree = "<group>";
		};
		ECD5282E2C00CD0D00BA6C4E /* Frameworks */ = {
			isa = PBXGroup;
			children = (
				ECD5282F2C00CD0D00BA6C4E /* DSQ.xcframework */,
			);
			name = Frameworks;
			sourceTree = "<group>";
		};
		ECFE19A92BF343CF00A1D841 /* Home */ = {
			isa = PBXGroup;
			children = (
				ECFE19AA2BF343F500A1D841 /* HomeView.swift */,
			);
			path = Home;
			sourceTree = "<group>";
		};
/* End PBXGroup section */

/* Begin PBXNativeTarget section */
		ECD2FF5A2BF212EE007836C4 /* FoodChainChess */ = {
			isa = PBXNativeTarget;
			buildConfigurationList = ECD2FF692BF212EE007836C4 /* Build configuration list for PBXNativeTarget "FoodChainChess" */;
			buildPhases = (
				ECD2FF572BF212EE007836C4 /* Sources */,
				ECD2FF582BF212EE007836C4 /* Frameworks */,
				ECD2FF592BF212EE007836C4 /* Resources */,
				ECF76BC92C28AB99006BD0AC /* Embed Frameworks */,
			);
			buildRules = (
			);
			dependencies = (
			);
			name = FoodChainChess;
			productName = FoodChainChess;
			productReference = ECD2FF5B2BF212EE007836C4 /* FoodChainChess.app */;
			productType = "com.apple.product-type.application";
		};
/* End PBXNativeTarget section */

/* Begin PBXProject section */
		ECD2FF532BF212EE007836C4 /* Project object */ = {
			isa = PBXProject;
			attributes = {
				BuildIndependentTargetsInParallel = 1;
				LastSwiftUpdateCheck = 1430;
				LastUpgradeCheck = 1540;
				TargetAttributes = {
					ECD2FF5A2BF212EE007836C4 = {
						CreatedOnToolsVersion = 14.3.1;
					};
				};
			};
			buildConfigurationList = ECD2FF562BF212EE007836C4 /* Build configuration list for PBXProject "FoodChainChess" */;
			compatibilityVersion = "Xcode 14.0";
			developmentRegion = en;
			hasScannedForEncodings = 0;
			knownRegions = (
				en,
				Base,
				fr,
				"pt-BR",
			);
			mainGroup = ECD2FF522BF212EE007836C4;
			productRefGroup = ECD2FF5C2BF212EE007836C4 /* Products */;
			projectDirPath = "";
			projectRoot = "";
			targets = (
				ECD2FF5A2BF212EE007836C4 /* FoodChainChess */,
			);
		};
/* End PBXProject section */

/* Begin PBXResourcesBuildPhase section */
		ECD2FF592BF212EE007836C4 /* Resources */ = {
			isa = PBXResourcesBuildPhase;
			buildActionMask = 2147483647;
			files = (
				ECD2FF702BF213F8007836C4 /* Colors.xcassets in Resources */,
				ECD2FF662BF212EE007836C4 /* Preview Assets.xcassets in Resources */,
				ECA69E3C2C00C577005C7689 /* Localization.xcstrings in Resources */,
				ECD2FF632BF212EE007836C4 /* Assets.xcassets in Resources */,
			);
			runOnlyForDeploymentPostprocessing = 0;
		};
/* End PBXResourcesBuildPhase section */

/* Begin PBXSourcesBuildPhase section */
		ECD2FF572BF212EE007836C4 /* Sources */ = {
			isa = PBXSourcesBuildPhase;
			buildActionMask = 2147483647;
			files = (
				ECA69E372C00C364005C7689 /* GameScene.swift in Sources */,
				ECAA4C662BF33894008172E0 /* GamesView.swift in Sources */,
				ECC36F452BFDD8FC0071AF45 /* ModeSwitchView.swift in Sources */,
				ECAB1FF52BF3631B003D866C /* ProfilePictureView.swift in Sources */,
				ECA5AE4C2C09FC97004A0A39 /* PlayerVM.swift in Sources */,
				ECA69E392C00C38D005C7689 /* SpriteMeeple.swift in Sources */,
				ECA1ED982BF2A4FD001F546D /* TextStyles.swift in Sources */,
				EC83FCD72C046D780075D6F4 /* LanguageSettings.swift in Sources */,
				EC2BE6282C274156002418BC /* GameSceneManager.swift in Sources */,
				EC62C8912BF351C2008A99F5 /* ButtonSize.swift in Sources */,
				ECFE19AB2BF343F500A1D841 /* HomeView.swift in Sources */,
				EC3634972BFDE7EA0047975C /* PlayerScoreComponentView.swift in Sources */,
				EC055C5A2C05FED8008A5C56 /* PlayerManager.swift in Sources */,
				ECA1ED9A2BF2A776001F546D /* Colors.swift in Sources */,
				EC3634932BFDD4700047975C /* EndGamePopUpView.swift in Sources */,
				ECAA4C6E2BF33C91008172E0 /* RegisteredGamesView.swift in Sources */,
				EC62C8962BF36923008A99F5 /* StartGamePopUpView.swift in Sources */,
				EC9736D32C038FA100442C23 /* ImagePicker.swift in Sources */,
				ECA1ED962BF29FDF001F546D /* TopBarTitleBackArrowView.swift in Sources */,
				ECAA4C602BF33102008172E0 /* ListItemScoreboardView.swift in Sources */,
				EC624AFF2C10653300138D8D /* GameVM.swift in Sources */,
				ECAA4C6B2BF338C8008172E0 /* ListItemGamesView.swift in Sources */,
				EC83FCD92C0475FE0075D6F4 /* AppearanceSettings.swift in Sources */,
				ECAA4C702BF33CC6008172E0 /* ListItemRegisteredGamesView.swift in Sources */,
				ECAB1FF32BF3627D003D866C /* CreatePlayerView.swift in Sources */,
				ECA69E352C00C33A005C7689 /* PlayerProfilBoardView.swift in Sources */,
				EC1E90E32BFDE83E0006C610 /* LanguagePickerView.swift in Sources */,
				EC62C89C2BF39254008A99F5 /* PickerItems.swift in Sources */,
				ECD2FF612BF212EE007836C4 /* ContentView.swift in Sources */,
				ECAA4C5E2BF330A5008172E0 /* ScoreboardView.swift in Sources */,
				ECAA4C632BF332D5008172E0 /* PlayerFaceView.swift in Sources */,
				ECA69E332C00C30D005C7689 /* BoardView.swift in Sources */,
				ECC36F432BFDD02A0071AF45 /* ParametersView.swift in Sources */,
				ECD2FF5F2BF212EE007836C4 /* FoodChainChessApp.swift in Sources */,
				EC3634952BFDE55D0047975C /* PlayerProfileComponentView.swift in Sources */,
				EC62C88F2BF34B55008A99F5 /* ButtonStyles.swift in Sources */,
				EC62C88D2BF34763008A99F5 /* IconButtonView.swift in Sources */,
				EC62C8932BF3549F008A99F5 /* MainButtonView.swift in Sources */,
			);
			runOnlyForDeploymentPostprocessing = 0;
		};
/* End PBXSourcesBuildPhase section */

/* Begin XCBuildConfiguration section */
		ECD2FF672BF212EE007836C4 /* Debug */ = {
			isa = XCBuildConfiguration;
			buildSettings = {
				ALWAYS_SEARCH_USER_PATHS = NO;
				CLANG_ANALYZER_LOCALIZABILITY_NONLOCALIZED = YES;
				CLANG_ANALYZER_NONNULL = YES;
				CLANG_ANALYZER_NUMBER_OBJECT_CONVERSION = YES_AGGRESSIVE;
				CLANG_CXX_LANGUAGE_STANDARD = "gnu++20";
				CLANG_ENABLE_MODULES = YES;
				CLANG_ENABLE_OBJC_ARC = YES;
				CLANG_ENABLE_OBJC_WEAK = YES;
				CLANG_WARN_BLOCK_CAPTURE_AUTORELEASING = YES;
				CLANG_WARN_BOOL_CONVERSION = YES;
				CLANG_WARN_COMMA = YES;
				CLANG_WARN_CONSTANT_CONVERSION = YES;
				CLANG_WARN_DEPRECATED_OBJC_IMPLEMENTATIONS = YES;
				CLANG_WARN_DIRECT_OBJC_ISA_USAGE = YES_ERROR;
				CLANG_WARN_DOCUMENTATION_COMMENTS = YES;
				CLANG_WARN_EMPTY_BODY = YES;
				CLANG_WARN_ENUM_CONVERSION = YES;
				CLANG_WARN_INFINITE_RECURSION = YES;
				CLANG_WARN_INT_CONVERSION = YES;
				CLANG_WARN_NON_LITERAL_NULL_CONVERSION = YES;
				CLANG_WARN_OBJC_IMPLICIT_RETAIN_SELF = YES;
				CLANG_WARN_OBJC_LITERAL_CONVERSION = YES;
				CLANG_WARN_OBJC_ROOT_CLASS = YES_ERROR;
				CLANG_WARN_QUOTED_INCLUDE_IN_FRAMEWORK_HEADER = YES;
				CLANG_WARN_RANGE_LOOP_ANALYSIS = YES;
				CLANG_WARN_STRICT_PROTOTYPES = YES;
				CLANG_WARN_SUSPICIOUS_MOVE = YES;
				CLANG_WARN_UNGUARDED_AVAILABILITY = YES_AGGRESSIVE;
				CLANG_WARN_UNREACHABLE_CODE = YES;
				CLANG_WARN__DUPLICATE_METHOD_MATCH = YES;
				COPY_PHASE_STRIP = NO;
				DEBUG_INFORMATION_FORMAT = dwarf;
				ENABLE_STRICT_OBJC_MSGSEND = YES;
				ENABLE_TESTABILITY = YES;
				ENABLE_USER_SCRIPT_SANDBOXING = YES;
				GCC_C_LANGUAGE_STANDARD = gnu11;
				GCC_DYNAMIC_NO_PIC = NO;
				GCC_NO_COMMON_BLOCKS = YES;
				GCC_OPTIMIZATION_LEVEL = 0;
				GCC_PREPROCESSOR_DEFINITIONS = (
					"DEBUG=1",
					"$(inherited)",
				);
				GCC_WARN_64_TO_32_BIT_CONVERSION = YES;
				GCC_WARN_ABOUT_RETURN_TYPE = YES_ERROR;
				GCC_WARN_UNDECLARED_SELECTOR = YES;
				GCC_WARN_UNINITIALIZED_AUTOS = YES_AGGRESSIVE;
				GCC_WARN_UNUSED_FUNCTION = YES;
				GCC_WARN_UNUSED_VARIABLE = YES;
				IPHONEOS_DEPLOYMENT_TARGET = 16.4;
				MTL_ENABLE_DEBUG_INFO = INCLUDE_SOURCE;
				MTL_FAST_MATH = YES;
				ONLY_ACTIVE_ARCH = YES;
				SDKROOT = iphoneos;
				SWIFT_ACTIVE_COMPILATION_CONDITIONS = DEBUG;
				SWIFT_OPTIMIZATION_LEVEL = "-Onone";
			};
			name = Debug;
		};
		ECD2FF682BF212EE007836C4 /* Release */ = {
			isa = XCBuildConfiguration;
			buildSettings = {
				ALWAYS_SEARCH_USER_PATHS = NO;
				CLANG_ANALYZER_LOCALIZABILITY_NONLOCALIZED = YES;
				CLANG_ANALYZER_NONNULL = YES;
				CLANG_ANALYZER_NUMBER_OBJECT_CONVERSION = YES_AGGRESSIVE;
				CLANG_CXX_LANGUAGE_STANDARD = "gnu++20";
				CLANG_ENABLE_MODULES = YES;
				CLANG_ENABLE_OBJC_ARC = YES;
				CLANG_ENABLE_OBJC_WEAK = YES;
				CLANG_WARN_BLOCK_CAPTURE_AUTORELEASING = YES;
				CLANG_WARN_BOOL_CONVERSION = YES;
				CLANG_WARN_COMMA = YES;
				CLANG_WARN_CONSTANT_CONVERSION = YES;
				CLANG_WARN_DEPRECATED_OBJC_IMPLEMENTATIONS = YES;
				CLANG_WARN_DIRECT_OBJC_ISA_USAGE = YES_ERROR;
				CLANG_WARN_DOCUMENTATION_COMMENTS = YES;
				CLANG_WARN_EMPTY_BODY = YES;
				CLANG_WARN_ENUM_CONVERSION = YES;
				CLANG_WARN_INFINITE_RECURSION = YES;
				CLANG_WARN_INT_CONVERSION = YES;
				CLANG_WARN_NON_LITERAL_NULL_CONVERSION = YES;
				CLANG_WARN_OBJC_IMPLICIT_RETAIN_SELF = YES;
				CLANG_WARN_OBJC_LITERAL_CONVERSION = YES;
				CLANG_WARN_OBJC_ROOT_CLASS = YES_ERROR;
				CLANG_WARN_QUOTED_INCLUDE_IN_FRAMEWORK_HEADER = YES;
				CLANG_WARN_RANGE_LOOP_ANALYSIS = YES;
				CLANG_WARN_STRICT_PROTOTYPES = YES;
				CLANG_WARN_SUSPICIOUS_MOVE = YES;
				CLANG_WARN_UNGUARDED_AVAILABILITY = YES_AGGRESSIVE;
				CLANG_WARN_UNREACHABLE_CODE = YES;
				CLANG_WARN__DUPLICATE_METHOD_MATCH = YES;
				COPY_PHASE_STRIP = NO;
				DEBUG_INFORMATION_FORMAT = "dwarf-with-dsym";
				ENABLE_NS_ASSERTIONS = NO;
				ENABLE_STRICT_OBJC_MSGSEND = YES;
				ENABLE_USER_SCRIPT_SANDBOXING = YES;
				GCC_C_LANGUAGE_STANDARD = gnu11;
				GCC_NO_COMMON_BLOCKS = YES;
				GCC_WARN_64_TO_32_BIT_CONVERSION = YES;
				GCC_WARN_ABOUT_RETURN_TYPE = YES_ERROR;
				GCC_WARN_UNDECLARED_SELECTOR = YES;
				GCC_WARN_UNINITIALIZED_AUTOS = YES_AGGRESSIVE;
				GCC_WARN_UNUSED_FUNCTION = YES;
				GCC_WARN_UNUSED_VARIABLE = YES;
				IPHONEOS_DEPLOYMENT_TARGET = 16.4;
				MTL_ENABLE_DEBUG_INFO = NO;
				MTL_FAST_MATH = YES;
				SDKROOT = iphoneos;
				SWIFT_COMPILATION_MODE = wholemodule;
				SWIFT_OPTIMIZATION_LEVEL = "-O";
				VALIDATE_PRODUCT = YES;
			};
			name = Release;
		};
		ECD2FF6A2BF212EE007836C4 /* Debug */ = {
			isa = XCBuildConfiguration;
			buildSettings = {
				ASSETCATALOG_COMPILER_APPICON_NAME = AppIcon;
				ASSETCATALOG_COMPILER_GLOBAL_ACCENT_COLOR_NAME = AccentColor;
				CODE_SIGN_IDENTITY = "Apple Development";
				"CODE_SIGN_IDENTITY[sdk=iphoneos*]" = "iPhone Developer";
				CODE_SIGN_STYLE = Manual;
				CURRENT_PROJECT_VERSION = 1;
				DEVELOPMENT_ASSET_PATHS = "\"FoodChainChess/Preview Content\"";
				DEVELOPMENT_TEAM = "";
				"DEVELOPMENT_TEAM[sdk=iphoneos*]" = 67U885533Q;
				ENABLE_PREVIEWS = YES;
				GENERATE_INFOPLIST_FILE = YES;
				INFOPLIST_FILE = FoodChainChess/Info.plist;
				INFOPLIST_KEY_UIApplicationSceneManifest_Generation = YES;
				INFOPLIST_KEY_UIApplicationSupportsIndirectInputEvents = YES;
				INFOPLIST_KEY_UILaunchScreen_Generation = YES;
				INFOPLIST_KEY_UISupportedInterfaceOrientations_iPad = "UIInterfaceOrientationPortrait UIInterfaceOrientationPortraitUpsideDown UIInterfaceOrientationLandscapeLeft UIInterfaceOrientationLandscapeRight";
				INFOPLIST_KEY_UISupportedInterfaceOrientations_iPhone = "UIInterfaceOrientationPortrait UIInterfaceOrientationLandscapeLeft UIInterfaceOrientationLandscapeRight";
				LD_RUNPATH_SEARCH_PATHS = (
					"$(inherited)",
					"@executable_path/Frameworks",
				);
				MARKETING_VERSION = 1.0;
				NEW_SETTING = "";
				PRODUCT_BUNDLE_IDENTIFIER = fr.uca.iut.FoodChainChess;
				PRODUCT_NAME = "$(TARGET_NAME)";
				PROVISIONING_PROFILE_SPECIFIER = "";
				"PROVISIONING_PROFILE_SPECIFIER[sdk=iphoneos*]" = tpiOS_2024_06_21_off;
				SWIFT_EMIT_LOC_STRINGS = YES;
				SWIFT_VERSION = 5.0;
				TARGETED_DEVICE_FAMILY = "1,2";
			};
			name = Debug;
		};
		ECD2FF6B2BF212EE007836C4 /* Release */ = {
			isa = XCBuildConfiguration;
			buildSettings = {
				ASSETCATALOG_COMPILER_APPICON_NAME = AppIcon;
				ASSETCATALOG_COMPILER_GLOBAL_ACCENT_COLOR_NAME = AccentColor;
				CODE_SIGN_IDENTITY = "Apple Development";
				"CODE_SIGN_IDENTITY[sdk=iphoneos*]" = "iPhone Developer";
				CODE_SIGN_STYLE = Manual;
				CURRENT_PROJECT_VERSION = 1;
				DEVELOPMENT_ASSET_PATHS = "\"FoodChainChess/Preview Content\"";
				DEVELOPMENT_TEAM = "";
				"DEVELOPMENT_TEAM[sdk=iphoneos*]" = 67U885533Q;
				ENABLE_PREVIEWS = YES;
				GENERATE_INFOPLIST_FILE = YES;
				INFOPLIST_FILE = FoodChainChess/Info.plist;
				INFOPLIST_KEY_UIApplicationSceneManifest_Generation = YES;
				INFOPLIST_KEY_UIApplicationSupportsIndirectInputEvents = YES;
				INFOPLIST_KEY_UILaunchScreen_Generation = YES;
				INFOPLIST_KEY_UISupportedInterfaceOrientations_iPad = "UIInterfaceOrientationPortrait UIInterfaceOrientationPortraitUpsideDown UIInterfaceOrientationLandscapeLeft UIInterfaceOrientationLandscapeRight";
				INFOPLIST_KEY_UISupportedInterfaceOrientations_iPhone = "UIInterfaceOrientationPortrait UIInterfaceOrientationLandscapeLeft UIInterfaceOrientationLandscapeRight";
				LD_RUNPATH_SEARCH_PATHS = (
					"$(inherited)",
					"@executable_path/Frameworks",
				);
				MARKETING_VERSION = 1.0;
				NEW_SETTING = "";
				PRODUCT_BUNDLE_IDENTIFIER = fr.uca.iut.FoodChainChess;
				PRODUCT_NAME = "$(TARGET_NAME)";
				PROVISIONING_PROFILE_SPECIFIER = "";
				"PROVISIONING_PROFILE_SPECIFIER[sdk=iphoneos*]" = tpiOS_2024_06_21_off;
				SWIFT_EMIT_LOC_STRINGS = YES;
				SWIFT_VERSION = 5.0;
				TARGETED_DEVICE_FAMILY = "1,2";
			};
			name = Release;
		};
/* End XCBuildConfiguration section */

/* Begin XCConfigurationList section */
		ECD2FF562BF212EE007836C4 /* Build configuration list for PBXProject "FoodChainChess" */ = {
			isa = XCConfigurationList;
			buildConfigurations = (
				ECD2FF672BF212EE007836C4 /* Debug */,
				ECD2FF682BF212EE007836C4 /* Release */,
			);
			defaultConfigurationIsVisible = 0;
			defaultConfigurationName = Release;
		};
		ECD2FF692BF212EE007836C4 /* Build configuration list for PBXNativeTarget "FoodChainChess" */ = {
			isa = XCConfigurationList;
			buildConfigurations = (
				ECD2FF6A2BF212EE007836C4 /* Debug */,
				ECD2FF6B2BF212EE007836C4 /* Release */,
			);
			defaultConfigurationIsVisible = 0;
			defaultConfigurationName = Release;
		};
/* End XCConfigurationList section */
	};
	rootObject = ECD2FF532BF212EE007836C4 /* Project object */;
}
